
Microsoft Visual Studio Solution File, Format Version 12.00
# Visual Studio Version 17
VisualStudioVersion = 17.0.31903.59
MinimumVisualStudioVersion = 10.0.40219.1
Project("{2150E333-8FDC-42A3-9474-1A3956D46DE8}") = "Bio", "Bio", "{3069B489-A299-4C33-96F0-4776E3ADC9CE}"
EndProject
Project("{2150E333-8FDC-42A3-9474-1A3956D46DE8}") = "Blog", "Blog", "{59116A65-5C90-4E50-9741-5E748ACB6D4D}"
EndProject
Project("{2150E333-8FDC-42A3-9474-1A3956D46DE8}") = "Kuntur", "Kuntur", "{E9C8080D-BACC-4EA2-9485-61032E4E57FE}"
EndProject
Project("{FAE04EC0-301F-11D3-BF4B-00C04F79EFBC}") = "MW.KUNTUR.Bio.Domain", "Bio\MW.KUNTUR.Bio.Domain\MW.KUNTUR.Bio.Domain.csproj", "{29D8F1B6-AA54-485F-943F-784032BABBCB}"
EndProject
Project("{FAE04EC0-301F-11D3-BF4B-00C04F79EFBC}") = "MW.KUNTUR.Bio.Application", "Bio\MW.KUNTUR.Bio.Application\MW.KUNTUR.Bio.Application.csproj", "{52C9BE4D-E93E-43B3-B7EC-073BA9EA5677}"
EndProject
Global
	GlobalSection(SolutionConfigurationPlatforms) = preSolution
		Debug|Any CPU = Debug|Any CPU
		Release|Any CPU = Release|Any CPU
	EndGlobalSection
	GlobalSection(ProjectConfigurationPlatforms) = postSolution
		{29D8F1B6-AA54-485F-943F-784032BABBCB}.Debug|Any CPU.ActiveCfg = Debug|Any CPU
		{29D8F1B6-AA54-485F-943F-784032BABBCB}.Debug|Any CPU.Build.0 = Debug|Any CPU
		{29D8F1B6-AA54-485F-943F-784032BABBCB}.Release|Any CPU.ActiveCfg = Release|Any CPU
		{29D8F1B6-AA54-485F-943F-784032BABBCB}.Release|Any CPU.Build.0 = Release|Any CPU
		{52C9BE4D-E93E-43B3-B7EC-073BA9EA5677}.Debug|Any CPU.ActiveCfg = Debug|Any CPU
		{52C9BE4D-E93E-43B3-B7EC-073BA9EA5677}.Debug|Any CPU.Build.0 = Debug|Any CPU
		{52C9BE4D-E93E-43B3-B7EC-073BA9EA5677}.Release|Any CPU.ActiveCfg = Release|Any CPU
		{52C9BE4D-E93E-43B3-B7EC-073BA9EA5677}.Release|Any CPU.Build.0 = Release|Any CPU
	EndGlobalSection
	GlobalSection(SolutionProperties) = preSolution
		HideSolutionNode = FALSE
	EndGlobalSection
	GlobalSection(NestedProjects) = preSolution
		{29D8F1B6-AA54-485F-943F-784032BABBCB} = {3069B489-A299-4C33-96F0-4776E3ADC9CE}
		{52C9BE4D-E93E-43B3-B7EC-073BA9EA5677} = {3069B489-A299-4C33-96F0-4776E3ADC9CE}
	EndGlobalSection
EndGlobal
